{
  "name": "vscode-pyside6-utils",
  "version": "0.1.1",
  "lockfileVersion": 3,
  "requires": true,
  "packages": {
    "": {
      "name": "vscode-pyside6-utils",
      "version": "0.1.1",
      "license": "MIT",
      "devDependencies": {
        "@types/node": "16.18.126",
        "@types/vscode": "1.69.0",
        "typescript": "5.6.3"
      },
      "engines": {
        "vscode": "^1.69.0"
      }
    },
    "node_modules/@types/node": {
      "version": "16.18.126",
      "resolved": "https://registry.npmjs.org/@types/node/-/node-16.18.126.tgz",
      "integrity": "sha512-OTcgaiwfGFBKacvfwuHzzn1KLxH/er8mluiy8/uM3sGXHaRe73RrSIj01jow9t4kJEW633Ov+cOexXeiApTyAw==",
      "dev": true,
      "license": "MIT"
    },
    "node_modules/@types/vscode": {
      "version": "1.69.0",
      "resolved": "https://registry.npmjs.org/@types/vscode/-/vscode-1.69.0.tgz",
      "integrity": "sha512-RlzDAnGqUoo9wS6d4tthNyAdZLxOIddLiX3djMoWk29jFfSA1yJbIwr0epBYqqYarWB6s2Z+4VaZCQ80Jaa3kA==",
      "dev": true,
      "license": "MIT"
    },
    "node_modules/typescript": {
      "version": "5.6.3",
      "resolved": "https://registry.npmjs.org/typescript/-/typescript-5.6.3.tgz",
      "integrity": "sha512-hjcS1mhfuyi4WW8IWtjP7brDrG2cuDZukyrYrSauoXGNgx0S7zceP07adYkJycEr56BOUTNPzbInooiN3fn1qw==",
      "dev": true,
      "license": "Apache-2.0",
      "bin": {
        "tsc": "bin/tsc",
        "tsserver": "bin/tsserver"
      },
      "engines": {
        "node": ">=14.17"
      }
    }
  }
}
